
Microsoft Visual Studio Solution File, Format Version 12.00
# Visual Studio Version 16
VisualStudioVersion = 16.0.30320.27
MinimumVisualStudioVersion = 10.0.40219.1
Project("{FAE04EC0-301F-11D3-BF4B-00C04F79EFBC}") = "MovieMe", "MovieMe\MovieMe.csproj", "{2BAB2D64-59A5-4B5F-AC3C-3C5DA69F678B}"
EndProject
Global
	GlobalSection(SolutionConfigurationPlatforms) = preSolution
		Debug|Any CPU = Debug|Any CPU
		Release|Any CPU = Release|Any CPU
	EndGlobalSection
	GlobalSection(ProjectConfigurationPlatforms) = postSolution
		{2BAB2D64-59A5-4B5F-AC3C-3C5DA69F678B}.Debug|Any CPU.ActiveCfg = Debug|Any CPU
		{2BAB2D64-59A5-4B5F-AC3C-3C5DA69F678B}.Debug|Any CPU.Build.0 = Debug|Any CPU
		{2BAB2D64-59A5-4B5F-AC3C-3C5DA69F678B}.Release|Any CPU.ActiveCfg = Release|Any CPU
		{2BAB2D64-59A5-4B5F-AC3C-3C5DA69F678B}.Release|Any CPU.Build.0 = Release|Any CPU
	EndGlobalSection
	GlobalSection(SolutionProperties) = preSolution
		HideSolutionNode = FALSE
	EndGlobalSection
	GlobalSection(ExtensibilityGlobals) = postSolution
		SolutionGuid = {1B54858B-3360-453C-B4A8-D91D1EE03DCD}
	EndGlobalSection
EndGlobal
